{
  "requires": true,
  "lockfileVersion": 1,
  "dependencies": {
    "@angular/animations": {
      "version": "13.2.6",
      "resolved": "https://registry.npmjs.org/@angular/animations/-/animations-13.2.6.tgz",
      "integrity": "sha512-DrjpKo68uR3lSLQQXosoTCbjKQS6IKRCpR14E2t8fo0AX8i2hkB8je4SrhdCyB7FgFN7l2kgUYo4Qa8+BOB+aA==",
      "requires": {
        "tslib": "^2.3.0"
      }
    },
    "@angular/cdk": {
      "version": "13.2.6",
      "resolved": "https://registry.npmjs.org/@angular/cdk/-/cdk-13.2.6.tgz",
      "integrity": "sha512-epuXmaHqfukwPsYvIksbuHLXDtb6GALV2Vgv6W2asj4TorD584CeQTs0EcdPGmCzhGUYI8U8QV63WOxu9YFcNA==",
      "requires": {
        "parse5": "^5.0.0",
        "tslib": "^2.3.0"
      }
    },
    "@angular/material": {
      "version": "13.2.6",
      "resolved": "https://registry.npmjs.org/@angular/material/-/material-13.2.6.tgz",
      "integrity": "sha512-/h5wa/tXE0DMIIEQX+rozFkUWHYUWg1Xf1R2tXUFLslLQ0KRCGyNo225Sv/1wrxXHxfrML787lA9ex4p90Feqw==",
      "requires": {
        "tslib": "^2.3.0"
      }
    },
    "parse5": {
      "version": "5.1.1",
      "resolved": "https://registry.npmjs.org/parse5/-/parse5-5.1.1.tgz",
      "integrity": "sha512-ugq4DFI0Ptb+WWjAdOK16+u/nHfiIrcE+sh8kZMaM0WllQKLI9rOUq6c2b7cwPkXdzfQESqvoqK6ug7U/Yyzug=="
    },
    "tslib": {
      "version": "2.3.1",
      "resolved": "https://registry.npmjs.org/tslib/-/tslib-2.3.1.tgz",
      "integrity": "sha512-77EbyPPpMz+FRFRuAFlWMtmgUWGe9UOG2Z25NqCwiIjRhOf5iKGuzSe5P2w1laq+FkRy4p+PCuVkJSGkzTEKVw=="
    }
  }
}
